
Microsoft Visual Studio Solution File, Format Version 12.00
# Visual Studio Version 17
VisualStudioVersion = 17.7.34018.315
MinimumVisualStudioVersion = 10.0.40219.1
Project("{FAE04EC0-301F-11D3-BF4B-00C04F79EFBC}") = "InterConnectionApp", "InterConnectionApp\InterConnectionApp.csproj", "{04526C4F-0EF0-4B1F-96D7-2CD35F45394B}"
EndProject
Global
	GlobalSection(SolutionConfigurationPlatforms) = preSolution
		Debug|Any CPU = Debug|Any CPU
		Release|Any CPU = Release|Any CPU
	EndGlobalSection
	GlobalSection(ProjectConfigurationPlatforms) = postSolution
		{04526C4F-0EF0-4B1F-96D7-2CD35F45394B}.Debug|Any CPU.ActiveCfg = Debug|Any CPU
		{04526C4F-0EF0-4B1F-96D7-2CD35F45394B}.Debug|Any CPU.Build.0 = Debug|Any CPU
		{04526C4F-0EF0-4B1F-96D7-2CD35F45394B}.Release|Any CPU.ActiveCfg = Release|Any CPU
		{04526C4F-0EF0-4B1F-96D7-2CD35F45394B}.Release|Any CPU.Build.0 = Release|Any CPU
	EndGlobalSection
	GlobalSection(SolutionProperties) = preSolution
		HideSolutionNode = FALSE
	EndGlobalSection
	GlobalSection(ExtensibilityGlobals) = postSolution
		SolutionGuid = {B4E15957-CA1B-47F3-A220-624691E4A1B2}
	EndGlobalSection
EndGlobal
