
Microsoft Visual Studio Solution File, Format Version 12.00
# Visual Studio Version 17
VisualStudioVersion = 17.1.32328.378
MinimumVisualStudioVersion = 10.0.40219.1
Project("{FAE04EC0-301F-11D3-BF4B-00C04F79EFBC}") = "PDFRenamer", "PDFRenamer\PDFRenamer.csproj", "{682D52B6-FE2C-4E6C-83FF-2DC174229817}"
EndProject
Global
	GlobalSection(SolutionConfigurationPlatforms) = preSolution
		Debug|Any CPU = Debug|Any CPU
		Release|Any CPU = Release|Any CPU
	EndGlobalSection
	GlobalSection(ProjectConfigurationPlatforms) = postSolution
		{682D52B6-FE2C-4E6C-83FF-2DC174229817}.Debug|Any CPU.ActiveCfg = Debug|Any CPU
		{682D52B6-FE2C-4E6C-83FF-2DC174229817}.Debug|Any CPU.Build.0 = Debug|Any CPU
		{682D52B6-FE2C-4E6C-83FF-2DC174229817}.Release|Any CPU.ActiveCfg = Release|Any CPU
		{682D52B6-FE2C-4E6C-83FF-2DC174229817}.Release|Any CPU.Build.0 = Release|Any CPU
	EndGlobalSection
	GlobalSection(SolutionProperties) = preSolution
		HideSolutionNode = FALSE
	EndGlobalSection
	GlobalSection(ExtensibilityGlobals) = postSolution
		SolutionGuid = {8EF5339C-F811-4A2C-A5EB-2D8CF31BD413}
	EndGlobalSection
EndGlobal
